
Microsoft Visual Studio Solution File, Format Version 12.00
# Visual Studio Version 16
VisualStudioVersion = 16.0.31410.357
MinimumVisualStudioVersion = 10.0.40219.1
Project("{2150E333-8FDC-42A3-9474-1A3956D46DE8}") = "Services", "Services", "{7B0B1A24-33AD-4C60-A527-741559516802}"
EndProject
Project("{2150E333-8FDC-42A3-9474-1A3956D46DE8}") = "Catalog", "Catalog", "{F487139A-C132-4B96-88D9-2316722014D0}"
EndProject
Project("{FAE04EC0-301F-11D3-BF4B-00C04F79EFBC}") = "catalog.api", "services\catalog\catalog.api\catalog.api.csproj", "{905C67E8-5793-41CA-B5BA-7AAD50B1142F}"
EndProject
Global
	GlobalSection(SolutionConfigurationPlatforms) = preSolution
		Debug|Any CPU = Debug|Any CPU
		Release|Any CPU = Release|Any CPU
	EndGlobalSection
	GlobalSection(ProjectConfigurationPlatforms) = postSolution
		{905C67E8-5793-41CA-B5BA-7AAD50B1142F}.Debug|Any CPU.ActiveCfg = Debug|Any CPU
		{905C67E8-5793-41CA-B5BA-7AAD50B1142F}.Debug|Any CPU.Build.0 = Debug|Any CPU
		{905C67E8-5793-41CA-B5BA-7AAD50B1142F}.Release|Any CPU.ActiveCfg = Release|Any CPU
		{905C67E8-5793-41CA-B5BA-7AAD50B1142F}.Release|Any CPU.Build.0 = Release|Any CPU
	EndGlobalSection
	GlobalSection(SolutionProperties) = preSolution
		HideSolutionNode = FALSE
	EndGlobalSection
	GlobalSection(NestedProjects) = preSolution
		{F487139A-C132-4B96-88D9-2316722014D0} = {7B0B1A24-33AD-4C60-A527-741559516802}
		{905C67E8-5793-41CA-B5BA-7AAD50B1142F} = {F487139A-C132-4B96-88D9-2316722014D0}
	EndGlobalSection
	GlobalSection(ExtensibilityGlobals) = postSolution
		SolutionGuid = {C11D6399-69EB-4FC0-A0C6-EE1617AFCBC5}
	EndGlobalSection
EndGlobal
